<Solution>
  <Folder Name="/src/" />
  <Folder Name="/src/API/" />
  <Folder Name="/src/Core/">
    <Project Path="GloboTicket.TicketManagement.Application/GloboTicket.TicketManagement.Application.csproj" />
    <Project Path="GloboTicket.TicketManagement.Domain/GloboTicket.TicketManagement.Domain.csproj" />
  </Folder>
  <Folder Name="/src/Infrastructure/" />
  <Folder Name="/src/UI/" />
  <Folder Name="/test/" />
</Solution>
